// !$*UTF8*$!
{
	archiveVersion = 1;
	classes = {
	};
	objectVersion = 55;
	objects = {

/* Begin PBXBuildFile section */
		0D3894A22799D1B800DC876E /* AppDelegate.swift in Sources */ = {isa = PBXBuildFile; fileRef = 0D3894A12799D1B800DC876E /* AppDelegate.swift */; };
		0D3894A42799D1B800DC876E /* SceneDelegate.swift in Sources */ = {isa = PBXBuildFile; fileRef = 0D3894A32799D1B800DC876E /* SceneDelegate.swift */; };
		0D3894A62799D1B800DC876E /* ViewController.swift in Sources */ = {isa = PBXBuildFile; fileRef = 0D3894A52799D1B800DC876E /* ViewController.swift */; };
		0D3894A92799D1B800DC876E /* Main.storyboard in Resources */ = {isa = PBXBuildFile; fileRef = 0D3894A72799D1B800DC876E /* Main.storyboard */; };
		0D3894AB2799D1B900DC876E /* Assets.xcassets in Resources */ = {isa = PBXBuildFile; fileRef = 0D3894AA2799D1B900DC876E /* Assets.xcassets */; };
		0D3894AE2799D1B900DC876E /* LaunchScreen.storyboard in Resources */ = {isa = PBXBuildFile; fileRef = 0D3894AC2799D1B900DC876E /* LaunchScreen.storyboard */; };
		0D3894B92799D1B900DC876E /* HelloAppTests.swift in Sources */ = {isa = PBXBuildFile; fileRef = 0D3894B82799D1B900DC876E /* HelloAppTests.swift */; };
		0D3894C32799D1B900DC876E /* HelloAppUITests.swift in Sources */ = {isa = PBXBuildFile; fileRef = 0D3894C22799D1B900DC876E /* HelloAppUITests.swift */; };
		0D3894C52799D1B900DC876E /* HelloAppUITestsLaunchTests.swift in Sources */ = {isa = PBXBuildFile; fileRef = 0D3894C42799D1B900DC876E /* HelloAppUITestsLaunchTests.swift */; };
/* End PBXBuildFile section */

/* Begin PBXContainerItemProxy section */
		0D3894B52799D1B900DC876E /* PBXContainerItemProxy */ = {
			isa = PBXContainerItemProxy;
			containerPortal = 0D3894962799D1B800DC876E /* Project object */;
			proxyType = 1;
			remoteGlobalIDString = 0D38949D2799D1B800DC876E;
			remoteInfo = HelloApp;
		};
		0D3894BF2799D1B900DC876E /* PBXContainerItemProxy */ = {
			isa = PBXContainerItemProxy;
			containerPortal = 0D3894962799D1B800DC876E /* Project object */;
			proxyType = 1;
			remoteGlobalIDString = 0D38949D2799D1B800DC876E;
			remoteInfo = HelloApp;
		};
/* End PBXContainerItemProxy section */

/* Begin PBXFileReference section */
		0D38949E2799D1B800DC876E /* HelloApp.app */ = {isa = PBXFileReference; explicitFileType = wrapper.application; includeInIndex = 0; path = HelloApp.app; sourceTree = BUILT_PRODUCTS_DIR; };
		0D3894A12799D1B800DC876E /* AppDelegate.swift */ = {isa = PBXFileReference; lastKnownFileType = sourcecode.swift; path = AppDelegate.swift; sourceTree = "<group>"; };
		0D3894A32799D1B800DC876E /* SceneDelegate.swift */ = {isa = PBXFileReference; lastKnownFileType = sourcecode.swift; path = SceneDelegate.swift; sourceTree = "<group>"; };
		0D3894A52799D1B800DC876E /* ViewController.swift */ = {isa = PBXFileReference; lastKnownFileType = sourcecode.swift; path = ViewController.swift; sourceTree = "<group>"; };
		0D3894A82799D1B800DC876E /* Base */ = {isa = PBXFileReference; lastKnownFileType = file.storyboard; name = Base; path = Base.lproj/Main.storyboard; sourceTree = "<group>"; };
		0D3894AA2799D1B900DC876E /* Assets.xcassets */ = {isa = PBXFileReference; lastKnownFileType = folder.assetcatalog; path = Assets.xcassets; sourceTree = "<group>"; };
		0D3894AD2799D1B900DC876E /* Base */ = {isa = PBXFileReference; lastKnownFileType = file.storyboard; name = Base; path = Base.lproj/LaunchScreen.storyboard; sourceTree = "<group>"; };
		0D3894AF2799D1B900DC876E /* Info.plist */ = {isa = PBXFileReference; lastKnownFileType = text.plist.xml; path = Info.plist; sourceTree = "<group>"; };
		0D3894B42799D1B900DC876E /* HelloAppTests.xctest */ = {isa = PBXFileReference; explicitFileType = wrapper.cfbundle; includeInIndex = 0; path = HelloAppTests.xctest; sourceTree = BUILT_PRODUCTS_DIR; };
		0D3894B82799D1B900DC876E /* HelloAppTests.swift */ = {isa = PBXFileReference; lastKnownFileType = sourcecode.swift; path = HelloAppTests.swift; sourceTree = "<group>"; };
		0D3894BE2799D1B900DC876E /* HelloAppUITests.xctest */ = {isa = PBXFileReference; explicitFileType = wrapper.cfbundle; includeInIndex = 0; path = HelloAppUITests.xctest; sourceTree = BUILT_PRODUCTS_DIR; };
		0D3894C22799D1B900DC876E /* HelloAppUITests.swift */ = {isa = PBXFileReference; lastKnownFileType = sourcecode.swift; path = HelloAppUITests.swift; sourceTree = "<group>"; };
		0D3894C42799D1B900DC876E /* HelloAppUITestsLaunchTests.swift */ = {isa = PBXFileReference; lastKnownFileType = sourcecode.swift; path = HelloAppUITestsLaunchTests.swift; sourceTree = "<group>"; };
/* End PBXFileReference section */

/* Begin PBXFrameworksBuildPhase section */
		0D38949B2799D1B800DC876E /* Frameworks */ = {
			isa = PBXFrameworksBuildPhase;
			buildActionMask = 2147483647;
			files = (
			);
			runOnlyForDeploymentPostprocessing = 0;
		};
		0D3894B12799D1B900DC876E /* Frameworks */ = {
			isa = PBXFrameworksBuildPhase;
			buildActionMask = 2147483647;
			files = (
			);
			runOnlyForDeploymentPostprocessing = 0;
		};
		0D3894BB2799D1B900DC876E /* Frameworks */ = {
			isa = PBXFrameworksBuildPhase;
			buildActionMask = 2147483647;
			files = (
			);
			runOnlyForDeploymentPostprocessing = 0;
		};
/* End PBXFrameworksBuildPhase section */

/* Begin PBXGroup section */
		0D3894952799D1B800DC876E = {
			isa = PBXGroup;
			children = (
				0D3894A02799D1B800DC876E /* HelloApp */,
				0D3894B72799D1B900DC876E /* HelloAppTests */,
				0D3894C12799D1B900DC876E /* HelloAppUITests */,
				0D38949F2799D1B800DC876E /* Products */,
			);
			sourceTree = "<group>";
		};
		0D38949F2799D1B800DC876E /* Products */ = {
			isa = PBXGroup;
			children = (
				0D38949E2799D1B800DC876E /* HelloApp.app */,
				0D3894B42799D1B900DC876E /* HelloAppTests.xctest */,
				0D3894BE2799D1B900DC876E /* HelloAppUITests.xctest */,
			);
			name = Products;
			sourceTree = "<group>";
		};
		0D3894A02799D1B800DC876E /* HelloApp */ = {
			isa = PBXGroup;
			children = (
				0D3894A12799D1B800DC876E /* AppDelegate.swift */,
				0D3894A32799D1B800DC876E /* SceneDelegate.swift */,
				0D3894A52799D1B800DC876E /* ViewController.swift */,
				0D3894A72799D1B800DC876E /* Main.storyboard */,
				0D3894AA2799D1B900DC876E /* Assets.xcassets */,
				0D3894AC2799D1B900DC876E /* LaunchScreen.storyboard */,
				0D3894AF2799D1B900DC876E /* Info.plist */,
			);
			path = HelloApp;
			sourceTree = "<group>";
		};
		0D3894B72799D1B900DC876E /* HelloAppTests */ = {
			isa = PBXGroup;
			children = (
				0D3894B82799D1B900DC876E /* HelloAppTests.swift */,
			);
			path = HelloAppTests;
			sourceTree = "<group>";
		};
		0D3894C12799D1B900DC876E /* HelloAppUITests */ = {
			isa = PBXGroup;
			children = (
				0D3894C22799D1B900DC876E /* HelloAppUITests.swift */,
				0D3894C42799D1B900DC876E /* HelloAppUITestsLaunchTests.swift */,
			);
			path = HelloAppUITests;
			sourceTree = "<group>";
		};
/* End PBXGroup section */

/* Begin PBXNativeTarget section */
		0D38949D2799D1B800DC876E /* HelloApp */ = {
			isa = PBXNativeTarget;
			buildConfigurationList = 0D3894C82799D1B900DC876E /* Build configuration list for PBXNativeTarget "HelloApp" */;
			buildPhases = (
				0D38949A2799D1B800DC876E /* Sources */,
				0D38949B2799D1B800DC876E /* Frameworks */,
				0D38949C2799D1B800DC876E /* Resources */,
			);
			buildRules = (
			);
			dependencies = (
			);
			name = HelloApp;
			productName = HelloApp;
			productReference = 0D38949E2799D1B800DC876E /* HelloApp.app */;
			productType = "com.apple.product-type.application";
		};
		0D3894B32799D1B900DC876E /* HelloAppTests */ = {
			isa = PBXNativeTarget;
			buildConfigurationList = 0D3894CB2799D1B900DC876E /* Build configuration list for PBXNativeTarget "HelloAppTests" */;
			buildPhases = (
				0D3894B02799D1B900DC876E /* Sources */,
				0D3894B12799D1B900DC876E /* Frameworks */,
				0D3894B22799D1B900DC876E /* Resources */,
			);
			buildRules = (
			);
			dependencies = (
				0D3894B62799D1B900DC876E /* PBXTargetDependency */,
			);
			name = HelloAppTests;
			productName = HelloAppTests;
			productReference = 0D3894B42799D1B900DC876E /* HelloAppTests.xctest */;
			productType = "com.apple.product-type.bundle.unit-test";
		};
		0D3894BD2799D1B900DC876E /* HelloAppUITests */ = {
			isa = PBXNativeTarget;
			buildConfigurationList = 0D3894CE2799D1B900DC876E /* Build configuration list for PBXNativeTarget "HelloAppUITests" */;
			buildPhases = (
				0D3894BA2799D1B900DC876E /* Sources */,
				0D3894BB2799D1B900DC876E /* Frameworks */,
				0D3894BC2799D1B900DC876E /* Resources */,
			);
			buildRules = (
			);
			dependencies = (
				0D3894C02799D1B900DC876E /* PBXTargetDependency */,
			);
			name = HelloAppUITests;
			productName = HelloAppUITests;
			productReference = 0D3894BE2799D1B900DC876E /* HelloAppUITests.xctest */;
			productType = "com.apple.product-type.bundle.ui-testing";
		};
/* End PBXNativeTarget section */

/* Begin PBXProject section */
		0D3894962799D1B800DC876E /* Project object */ = {
			isa = PBXProject;
			attributes = {
				BuildIndependentTargetsInParallel = 1;
				LastSwiftUpdateCheck = 1320;
				LastUpgradeCheck = 1320;
				TargetAttributes = {
					0D38949D2799D1B800DC876E = {
						CreatedOnToolsVersion = 13.2.1;
					};
					0D3894B32799D1B900DC876E = {
						CreatedOnToolsVersion = 13.2.1;
						TestTargetID = 0D38949D2799D1B800DC876E;
					};
					0D3894BD2799D1B900DC876E = {
						CreatedOnToolsVersion = 13.2.1;
						TestTargetID = 0D38949D2799D1B800DC876E;
					};
				};
			};
			buildConfigurationList = 0D3894992799D1B800DC876E /* Build configuration list for PBXProject "HelloApp" */;
			compatibilityVersion = "Xcode 13.0";
			developmentRegion = en;
			hasScannedForEncodings = 0;
			knownRegions = (
				en,
				Base,
			);
			mainGroup = 0D3894952799D1B800DC876E;
			productRefGroup = 0D38949F2799D1B800DC876E /* Products */;
			projectDirPath = "";
			projectRoot = "";
			targets = (
				0D38949D2799D1B800DC876E /* HelloApp */,
				0D3894B32799D1B900DC876E /* HelloAppTests */,
				0D3894BD2799D1B900DC876E /* HelloAppUITests */,
			);
		};
/* End PBXProject section */

/* Begin PBXResourcesBuildPhase section */
		0D38949C2799D1B800DC876E /* Resources */ = {
			isa = PBXResourcesBuildPhase;
			buildActionMask = 2147483647;
			files = (
				0D3894AE2799D1B900DC876E /* LaunchScreen.storyboard in Resources */,
				0D3894AB2799D1B900DC876E /* Assets.xcassets in Resources */,
				0D3894A92799D1B800DC876E /* Main.storyboard in Resources */,
			);
			runOnlyForDeploymentPostprocessing = 0;
		};
		0D3894B22799D1B900DC876E /* Resources */ = {
			isa = PBXResourcesBuildPhase;
			buildActionMask = 2147483647;
			files = (
			);
			runOnlyForDeploymentPostprocessing = 0;
		};
		0D3894BC2799D1B900DC876E /* Resources */ = {
			isa = PBXResourcesBuildPhase;
			buildActionMask = 2147483647;
			files = (
			);
			runOnlyForDeploymentPostprocessing = 0;
		};
/* End PBXResourcesBuildPhase section */

/* Begin PBXSourcesBuildPhase section */
		0D38949A2799D1B800DC876E /* Sources */ = {
			isa = PBXSourcesBuildPhase;
			buildActionMask = 2147483647;
			files = (
				0D3894A62799D1B800DC876E /* ViewController.swift in Sources */,
				0D3894A22799D1B800DC876E /* AppDelegate.swift in Sources */,
				0D3894A42799D1B800DC876E /* SceneDelegate.swift in Sources */,
			);
			runOnlyForDeploymentPostprocessing = 0;
		};
		0D3894B02799D1B900DC876E /* Sources */ = {
			isa = PBXSourcesBuildPhase;
			buildActionMask = 2147483647;
			files = (
				0D3894B92799D1B900DC876E /* HelloAppTests.swift in Sources */,
			);
			runOnlyForDeploymentPostprocessing = 0;
		};
		0D3894BA2799D1B900DC876E /* Sources */ = {
			isa = PBXSourcesBuildPhase;
			buildActionMask = 2147483647;
			files = (
				0D3894C52799D1B900DC876E /* HelloAppUITestsLaunchTests.swift in Sources */,
				0D3894C32799D1B900DC876E /* HelloAppUITests.swift in Sources */,
			);
			runOnlyForDeploymentPostprocessing = 0;
		};
/* End PBXSourcesBuildPhase section */

/* Begin PBXTargetDependency section */
		0D3894B62799D1B900DC876E /* PBXTargetDependency */ = {
			isa = PBXTargetDependency;
			target = 0D38949D2799D1B800DC876E /* HelloApp */;
			targetProxy = 0D3894B52799D1B900DC876E /* PBXContainerItemProxy */;
		};
		0D3894C02799D1B900DC876E /* PBXTargetDependency */ = {
			isa = PBXTargetDependency;
			target = 0D38949D2799D1B800DC876E /* HelloApp */;
			targetProxy = 0D3894BF2799D1B900DC876E /* PBXContainerItemProxy */;
		};
/* End PBXTargetDependency section */

/* Begin PBXVariantGroup section */
		0D3894A72799D1B800DC876E /* Main.storyboard */ = {
			isa = PBXVariantGroup;
			children = (
				0D3894A82799D1B800DC876E /* Base */,
			);
			name = Main.storyboard;
			sourceTree = "<group>";
		};
		0D3894AC2799D1B900DC876E /* LaunchScreen.storyboard */ = {
			isa = PBXVariantGroup;
			children = (
				0D3894AD2799D1B900DC876E /* Base */,
			);
			name = LaunchScreen.storyboard;
			sourceTree = "<group>";
		};
/* End PBXVariantGroup section */

/* Begin XCBuildConfiguration section */
		0D3894C62799D1B900DC876E /* Debug */ = {
			isa = XCBuildConfiguration;
			buildSettings = {
				ALWAYS_SEARCH_USER_PATHS = NO;
				CLANG_ANALYZER_NONNULL = YES;
				CLANG_ANALYZER_NUMBER_OBJECT_CONVERSION = YES_AGGRESSIVE;
				CLANG_CXX_LANGUAGE_STANDARD = "gnu++17";
				CLANG_CXX_LIBRARY = "libc++";
				CLANG_ENABLE_MODULES = YES;
				CLANG_ENABLE_OBJC_ARC = YES;
				CLANG_ENABLE_OBJC_WEAK = YES;
				CLANG_WARN_BLOCK_CAPTURE_AUTORELEASING = YES;
				CLANG_WARN_BOOL_CONVERSION = YES;
				CLANG_WARN_COMMA = YES;
				CLANG_WARN_CONSTANT_CONVERSION = YES;
				CLANG_WARN_DEPRECATED_OBJC_IMPLEMENTATIONS = YES;
				CLANG_WARN_DIRECT_OBJC_ISA_USAGE = YES_ERROR;
				CLANG_WARN_DOCUMENTATION_COMMENTS = YES;
				CLANG_WARN_EMPTY_BODY = YES;
				CLANG_WARN_ENUM_CONVERSION = YES;
				CLANG_WARN_INFINITE_RECURSION = YES;
				CLANG_WARN_INT_CONVERSION = YES;
				CLANG_WARN_NON_LITERAL_NULL_CONVERSION = YES;
				CLANG_WARN_OBJC_IMPLICIT_RETAIN_SELF = YES;
				CLANG_WARN_OBJC_LITERAL_CONVERSION = YES;
				CLANG_WARN_OBJC_ROOT_CLASS = YES_ERROR;
				CLANG_WARN_QUOTED_INCLUDE_IN_FRAMEWORK_HEADER = YES;
				CLANG_WARN_RANGE_LOOP_ANALYSIS = YES;
				CLANG_WARN_STRICT_PROTOTYPES = YES;
				CLANG_WARN_SUSPICIOUS_MOVE = YES;
				CLANG_WARN_UNGUARDED_AVAILABILITY = YES_AGGRESSIVE;
				CLANG_WARN_UNREACHABLE_CODE = YES;
				CLANG_WARN__DUPLICATE_METHOD_MATCH = YES;
				COPY_PHASE_STRIP = NO;
				DEBUG_INFORMATION_FORMAT = dwarf;
				ENABLE_STRICT_OBJC_MSGSEND = YES;
				ENABLE_TESTABILITY = YES;
				GCC_C_LANGUAGE_STANDARD = gnu11;
				GCC_DYNAMIC_NO_PIC = NO;
				GCC_NO_COMMON_BLOCKS = YES;
				GCC_OPTIMIZATION_LEVEL = 0;
				GCC_PREPROCESSOR_DEFINITIONS = (
					"DEBUG=1",
					"$(inherited)",
				);
				GCC_WARN_64_TO_32_BIT_CONVERSION = YES;
				GCC_WARN_ABOUT_RETURN_TYPE = YES_ERROR;
				GCC_WARN_UNDECLARED_SELECTOR = YES;
				GCC_WARN_UNINITIALIZED_AUTOS = YES_AGGRESSIVE;
				GCC_WARN_UNUSED_FUNCTION = YES;
				GCC_WARN_UNUSED_VARIABLE = YES;
				IPHONEOS_DEPLOYMENT_TARGET = 15.2;
				MTL_ENABLE_DEBUG_INFO = INCLUDE_SOURCE;
				MTL_FAST_MATH = YES;
				ONLY_ACTIVE_ARCH = YES;
				SDKROOT = iphoneos;
				SWIFT_ACTIVE_COMPILATION_CONDITIONS = DEBUG;
				SWIFT_OPTIMIZATION_LEVEL = "-Onone";
			};
			name = Debug;
		};
		0D3894C72799D1B900DC876E /* Release */ = {
			isa = XCBuildConfiguration;
			buildSettings = {
				ALWAYS_SEARCH_USER_PATHS = NO;
				CLANG_ANALYZER_NONNULL = YES;
				CLANG_ANALYZER_NUMBER_OBJECT_CONVERSION = YES_AGGRESSIVE;
				CLANG_CXX_LANGUAGE_STANDARD = "gnu++17";
				CLANG_CXX_LIBRARY = "libc++";
				CLANG_ENABLE_MODULES = YES;
				CLANG_ENABLE_OBJC_ARC = YES;
				CLANG_ENABLE_OBJC_WEAK = YES;
				CLANG_WARN_BLOCK_CAPTURE_AUTORELEASING = YES;
				CLANG_WARN_BOOL_CONVERSION = YES;
				CLANG_WARN_COMMA = YES;
				CLANG_WARN_CONSTANT_CONVERSION = YES;
				CLANG_WARN_DEPRECATED_OBJC_IMPLEMENTATIONS = YES;
				CLANG_WARN_DIRECT_OBJC_ISA_USAGE = YES_ERROR;
				CLANG_WARN_DOCUMENTATION_COMMENTS = YES;
				CLANG_WARN_EMPTY_BODY = YES;
				CLANG_WARN_ENUM_CONVERSION = YES;
				CLANG_WARN_INFINITE_RECURSION = YES;
				CLANG_WARN_INT_CONVERSION = YES;
				CLANG_WARN_NON_LITERAL_NULL_CONVERSION = YES;
				CLANG_WARN_OBJC_IMPLICIT_RETAIN_SELF = YES;
				CLANG_WARN_OBJC_LITERAL_CONVERSION = YES;
				CLANG_WARN_OBJC_ROOT_CLASS = YES_ERROR;
				CLANG_WARN_QUOTED_INCLUDE_IN_FRAMEWORK_HEADER = YES;
				CLANG_WARN_RANGE_LOOP_ANALYSIS = YES;
				CLANG_WARN_STRICT_PROTOTYPES = YES;
				CLANG_WARN_SUSPICIOUS_MOVE = YES;
				CLANG_WARN_UNGUARDED_AVAILABILITY = YES_AGGRESSIVE;
				CLANG_WARN_UNREACHABLE_CODE = YES;
				CLANG_WARN__DUPLICATE_METHOD_MATCH = YES;
				COPY_PHASE_STRIP = NO;
				DEBUG_INFORMATION_FORMAT = "dwarf-with-dsym";
				ENABLE_NS_ASSERTIONS = NO;
				ENABLE_STRICT_OBJC_MSGSEND = YES;
				GCC_C_LANGUAGE_STANDARD = gnu11;
				GCC_NO_COMMON_BLOCKS = YES;
				GCC_WARN_64_TO_32_BIT_CONVERSION = YES;
				GCC_WARN_ABOUT_RETURN_TYPE = YES_ERROR;
				GCC_WARN_UNDECLARED_SELECTOR = YES;
				GCC_WARN_UNINITIALIZED_AUTOS = YES_AGGRESSIVE;
				GCC_WARN_UNUSED_FUNCTION = YES;
				GCC_WARN_UNUSED_VARIABLE = YES;
				IPHONEOS_DEPLOYMENT_TARGET = 15.2;
				MTL_ENABLE_DEBUG_INFO = NO;
				MTL_FAST_MATH = YES;
				SDKROOT = iphoneos;
				SWIFT_COMPILATION_MODE = wholemodule;
				SWIFT_OPTIMIZATION_LEVEL = "-O";
				VALIDATE_PRODUCT = YES;
			};
			name = Release;
		};
		0D3894C92799D1B900DC876E /* Debug */ = {
			isa = XCBuildConfiguration;
			buildSettings = {
				ASSETCATALOG_COMPILER_APPICON_NAME = AppIcon;
				ASSETCATALOG_COMPILER_GLOBAL_ACCENT_COLOR_NAME = AccentColor;
				CODE_SIGN_STYLE = Automatic;
				CURRENT_PROJECT_VERSION = 1;
				GENERATE_INFOPLIST_FILE = YES;
				INFOPLIST_FILE = HelloApp/Info.plist;
				INFOPLIST_KEY_UIApplicationSupportsIndirectInputEvents = YES;
				INFOPLIST_KEY_UILaunchStoryboardName = LaunchScreen;
				INFOPLIST_KEY_UIMainStoryboardFile = Main;
				INFOPLIST_KEY_UISupportedInterfaceOrientations_iPad = "UIInterfaceOrientationPortrait UIInterfaceOrientationPortraitUpsideDown UIInterfaceOrientationLandscapeLeft UIInterfaceOrientationLandscapeRight";
				INFOPLIST_KEY_UISupportedInterfaceOrientations_iPhone = "UIInterfaceOrientationPortrait UIInterfaceOrientationLandscapeLeft UIInterfaceOrientationLandscapeRight";
				LD_RUNPATH_SEARCH_PATHS = (
					"$(inherited)",
					"@executable_path/Frameworks",
				);
				MARKETING_VERSION = 1.0;
				PRODUCT_BUNDLE_IDENTIFIER = nwmsu.HelloApp;
				PRODUCT_NAME = "$(TARGET_NAME)";
				SWIFT_EMIT_LOC_STRINGS = YES;
				SWIFT_VERSION = 5.0;
				TARGETED_DEVICE_FAMILY = "1,2";
			};
			name = Debug;
		};
		0D3894CA2799D1B900DC876E /* Release */ = {
			isa = XCBuildConfiguration;
			buildSettings = {
				ASSETCATALOG_COMPILER_APPICON_NAME = AppIcon;
				ASSETCATALOG_COMPILER_GLOBAL_ACCENT_COLOR_NAME = AccentColor;
				CODE_SIGN_STYLE = Automatic;
				CURRENT_PROJECT_VERSION = 1;
				GENERATE_INFOPLIST_FILE = YES;
				INFOPLIST_FILE = HelloApp/Info.plist;
				INFOPLIST_KEY_UIApplicationSupportsIndirectInputEvents = YES;
				INFOPLIST_KEY_UILaunchStoryboardName = LaunchScreen;
				INFOPLIST_KEY_UIMainStoryboardFile = Main;
				INFOPLIST_KEY_UISupportedInterfaceOrientations_iPad = "UIInterfaceOrientationPortrait UIInterfaceOrientationPortraitUpsideDown UIInterfaceOrientationLandscapeLeft UIInterfaceOrientationLandscapeRight";
				INFOPLIST_KEY_UISupportedInterfaceOrientations_iPhone = "UIInterfaceOrientationPortrait UIInterfaceOrientationLandscapeLeft UIInterfaceOrientationLandscapeRight";
				LD_RUNPATH_SEARCH_PATHS = (
					"$(inherited)",
					"@executable_path/Frameworks",
				);
				MARKETING_VERSION = 1.0;
				PRODUCT_BUNDLE_IDENTIFIER = nwmsu.HelloApp;
				PRODUCT_NAME = "$(TARGET_NAME)";
				SWIFT_EMIT_LOC_STRINGS = YES;
				SWIFT_VERSION = 5.0;
				TARGETED_DEVICE_FAMILY = "1,2";
			};
			name = Release;
		};
		0D3894CC2799D1B900DC876E /* Debug */ = {
			isa = XCBuildConfiguration;
			buildSettings = {
				ALWAYS_EMBED_SWIFT_STANDARD_LIBRARIES = YES;
				BUNDLE_LOADER = "$(TEST_HOST)";
				CODE_SIGN_STYLE = Automatic;
				CURRENT_PROJECT_VERSION = 1;
				GENERATE_INFOPLIST_FILE = YES;
				IPHONEOS_DEPLOYMENT_TARGET = 15.2;
				MARKETING_VERSION = 1.0;
				PRODUCT_BUNDLE_IDENTIFIER = nwmsu.HelloAppTests;
				PRODUCT_NAME = "$(TARGET_NAME)";
				SWIFT_EMIT_LOC_STRINGS = NO;
				SWIFT_VERSION = 5.0;
				TARGETED_DEVICE_FAMILY = "1,2";
				TEST_HOST = "$(BUILT_PRODUCTS_DIR)/HelloApp.app/HelloApp";
			};
			name = Debug;
		};
		0D3894CD2799D1B900DC876E /* Release */ = {
			isa = XCBuildConfiguration;
			buildSettings = {
				ALWAYS_EMBED_SWIFT_STANDARD_LIBRARIES = YES;
				BUNDLE_LOADER = "$(TEST_HOST)";
				CODE_SIGN_STYLE = Automatic;
				CURRENT_PROJECT_VERSION = 1;
				GENERATE_INFOPLIST_FILE = YES;
				IPHONEOS_DEPLOYMENT_TARGET = 15.2;
				MARKETING_VERSION = 1.0;
				PRODUCT_BUNDLE_IDENTIFIER = nwmsu.HelloAppTests;
				PRODUCT_NAME = "$(TARGET_NAME)";
				SWIFT_EMIT_LOC_STRINGS = NO;
				SWIFT_VERSION = 5.0;
				TARGETED_DEVICE_FAMILY = "1,2";
				TEST_HOST = "$(BUILT_PRODUCTS_DIR)/HelloApp.app/HelloApp";
			};
			name = Release;
		};
		0D3894CF2799D1B900DC876E /* Debug */ = {
			isa = XCBuildConfiguration;
			buildSettings = {
				ALWAYS_EMBED_SWIFT_STANDARD_LIBRARIES = YES;
				CODE_SIGN_STYLE = Automatic;
				CURRENT_PROJECT_VERSION = 1;
				GENERATE_INFOPLIST_FILE = YES;
				MARKETING_VERSION = 1.0;
				PRODUCT_BUNDLE_IDENTIFIER = nwmsu.HelloAppUITests;
				PRODUCT_NAME = "$(TARGET_NAME)";
				SWIFT_EMIT_LOC_STRINGS = NO;
				SWIFT_VERSION = 5.0;
				TARGETED_DEVICE_FAMILY = "1,2";
				TEST_TARGET_NAME = HelloApp;
			};
			name = Debug;
		};
		0D3894D02799D1B900DC876E /* Release */ = {
			isa = XCBuildConfiguration;
			buildSettings = {
				ALWAYS_EMBED_SWIFT_STANDARD_LIBRARIES = YES;
				CODE_SIGN_STYLE = Automatic;
				CURRENT_PROJECT_VERSION = 1;
				GENERATE_INFOPLIST_FILE = YES;
				MARKETING_VERSION = 1.0;
				PRODUCT_BUNDLE_IDENTIFIER = nwmsu.HelloAppUITests;
				PRODUCT_NAME = "$(TARGET_NAME)";
				SWIFT_EMIT_LOC_STRINGS = NO;
				SWIFT_VERSION = 5.0;
				TARGETED_DEVICE_FAMILY = "1,2";
				TEST_TARGET_NAME = HelloApp;
			};
			name = Release;
		};
/* End XCBuildConfiguration section */

/* Begin XCConfigurationList section */
		0D3894992799D1B800DC876E /* Build configuration list for PBXProject "HelloApp" */ = {
			isa = XCConfigurationList;
			buildConfigurations = (
				0D3894C62799D1B900DC876E /* Debug */,
				0D3894C72799D1B900DC876E /* Release */,
			);
			defaultConfigurationIsVisible = 0;
			defaultConfigurationName = Release;
		};
		0D3894C82799D1B900DC876E /* Build configuration list for PBXNativeTarget "HelloApp" */ = {
			isa = XCConfigurationList;
			buildConfigurations = (
				0D3894C92799D1B900DC876E /* Debug */,
				0D3894CA2799D1B900DC876E /* Release */,
			);
			defaultConfigurationIsVisible = 0;
			defaultConfigurationName = Release;
		};
		0D3894CB2799D1B900DC876E /* Build configuration list for PBXNativeTarget "HelloAppTests" */ = {
			isa = XCConfigurationList;
			buildConfigurations = (
				0D3894CC2799D1B900DC876E /* Debug */,
				0D3894CD2799D1B900DC876E /* Release */,
			);
			defaultConfigurationIsVisible = 0;
			defaultConfigurationName = Release;
		};
		0D3894CE2799D1B900DC876E /* Build configuration list for PBXNativeTarget "HelloAppUITests" */ = {
			isa = XCConfigurationList;
			buildConfigurations = (
				0D3894CF2799D1B900DC876E /* Debug */,
				0D3894D02799D1B900DC876E /* Release */,
			);
			defaultConfigurationIsVisible = 0;
			defaultConfigurationName = Release;
		};
/* End XCConfigurationList section */
	};
	rootObject = 0D3894962799D1B800DC876E /* Project object */;
}
